
Microsoft Visual Studio Solution File, Format Version 12.00
# Visual Studio 15
VisualStudioVersion = 15.0.27130.2026
MinimumVisualStudioVersion = 10.0.40219.1
Project("{FAE04EC0-301F-11D3-BF4B-00C04F79EFBC}") = "VascscApp.Android", "VascscApp\VascscApp.Android\VascscApp.Android.csproj", "{83FFBB62-367F-441F-B4FB-33FDCC1BC0B2}"
EndProject
Project("{FAE04EC0-301F-11D3-BF4B-00C04F79EFBC}") = "VascscApp.iOS", "VascscApp\VascscApp.iOS\VascscApp.iOS.csproj", "{6C1AAA39-20CB-4AA8-87F3-DD25ABF41A08}"
EndProject
Project("{FAE04EC0-301F-11D3-BF4B-00C04F79EFBC}") = "VascscApp.UWP", "VascscApp\VascscApp.UWP\VascscApp.UWP.csproj", "{F113E2D0-9EAE-4036-A64A-F84FA0604725}"
EndProject
Project("{D954291E-2A0B-460D-934E-DC6B0785DB48}") = "VascscApp", "VascscApp\VascscApp\VascscApp.shproj", "{048800C2-EB03-443D-BFA0-5055C0C39A9C}"
EndProject
Global
	GlobalSection(SharedMSBuildProjectFiles) = preSolution
		VascscApp\VascscApp\VascscApp.projitems*{048800c2-eb03-443d-bfa0-5055c0c39a9c}*SharedItemsImports = 13
		VascscApp\VascscApp\VascscApp.projitems*{6c1aaa39-20cb-4aa8-87f3-dd25abf41a08}*SharedItemsImports = 4
		VascscApp\VascscApp\VascscApp.projitems*{83ffbb62-367f-441f-b4fb-33fdcc1bc0b2}*SharedItemsImports = 4
		VascscApp\VascscApp\VascscApp.projitems*{f113e2d0-9eae-4036-a64a-f84fa0604725}*SharedItemsImports = 4
	EndGlobalSection
	GlobalSection(SolutionConfigurationPlatforms) = preSolution
		Ad-Hoc|Any CPU = Ad-Hoc|Any CPU
		Ad-Hoc|ARM = Ad-Hoc|ARM
		Ad-Hoc|iPhone = Ad-Hoc|iPhone
		Ad-Hoc|iPhoneSimulator = Ad-Hoc|iPhoneSimulator
		Ad-Hoc|x64 = Ad-Hoc|x64
		Ad-Hoc|x86 = Ad-Hoc|x86
		AppStore|Any CPU = AppStore|Any CPU
		AppStore|ARM = AppStore|ARM
		AppStore|iPhone = AppStore|iPhone
		AppStore|iPhoneSimulator = AppStore|iPhoneSimulator
		AppStore|x64 = AppStore|x64
		AppStore|x86 = AppStore|x86
		Debug|Any CPU = Debug|Any CPU
		Debug|ARM = Debug|ARM
		Debug|iPhone = Debug|iPhone
		Debug|iPhoneSimulator = Debug|iPhoneSimulator
		Debug|x64 = Debug|x64
		Debug|x86 = Debug|x86
		Release|Any CPU = Release|Any CPU
		Release|ARM = Release|ARM
		Release|iPhone = Release|iPhone
		Release|iPhoneSimulator = Release|iPhoneSimulator
		Release|x64 = Release|x64
		Release|x86 = Release|x86
	EndGlobalSection
	GlobalSection(ProjectConfigurationPlatforms) = postSolution
		{83FFBB62-367F-441F-B4FB-33FDCC1BC0B2}.Ad-Hoc|Any CPU.ActiveCfg = Release|Any CPU
		{83FFBB62-367F-441F-B4FB-33FDCC1BC0B2}.Ad-Hoc|Any CPU.Build.0 = Release|Any CPU
		{83FFBB62-367F-441F-B4FB-33FDCC1BC0B2}.Ad-Hoc|Any CPU.Deploy.0 = Release|Any CPU
		{83FFBB62-367F-441F-B4FB-33FDCC1BC0B2}.Ad-Hoc|ARM.ActiveCfg = Release|Any CPU
		{83FFBB62-367F-441F-B4FB-33FDCC1BC0B2}.Ad-Hoc|ARM.Build.0 = Release|Any CPU
		{83FFBB62-367F-441F-B4FB-33FDCC1BC0B2}.Ad-Hoc|ARM.Deploy.0 = Release|Any CPU
		{83FFBB62-367F-441F-B4FB-33FDCC1BC0B2}.Ad-Hoc|iPhone.ActiveCfg = Release|Any CPU
		{83FFBB62-367F-441F-B4FB-33FDCC1BC0B2}.Ad-Hoc|iPhone.Build.0 = Release|Any CPU
		{83FFBB62-367F-441F-B4FB-33FDCC1BC0B2}.Ad-Hoc|iPhone.Deploy.0 = Release|Any CPU
		{83FFBB62-367F-441F-B4FB-33FDCC1BC0B2}.Ad-Hoc|iPhoneSimulator.ActiveCfg = Release|Any CPU
		{83FFBB62-367F-441F-B4FB-33FDCC1BC0B2}.Ad-Hoc|iPhoneSimulator.Build.0 = Release|Any CPU
		{83FFBB62-367F-441F-B4FB-33FDCC1BC0B2}.Ad-Hoc|iPhoneSimulator.Deploy.0 = Release|Any CPU
		{83FFBB62-367F-441F-B4FB-33FDCC1BC0B2}.Ad-Hoc|x64.ActiveCfg = Release|Any CPU
		{83FFBB62-367F-441F-B4FB-33FDCC1BC0B2}.Ad-Hoc|x64.Build.0 = Release|Any CPU
		{83FFBB62-367F-441F-B4FB-33FDCC1BC0B2}.Ad-Hoc|x64.Deploy.0 = Release|Any CPU
		{83FFBB62-367F-441F-B4FB-33FDCC1BC0B2}.Ad-Hoc|x86.ActiveCfg = Release|Any CPU
		{83FFBB62-367F-441F-B4FB-33FDCC1BC0B2}.Ad-Hoc|x86.Build.0 = Release|Any CPU
		{83FFBB62-367F-441F-B4FB-33FDCC1BC0B2}.Ad-Hoc|x86.Deploy.0 = Release|Any CPU
		{83FFBB62-367F-441F-B4FB-33FDCC1BC0B2}.AppStore|Any CPU.ActiveCfg = Release|Any CPU
		{83FFBB62-367F-441F-B4FB-33FDCC1BC0B2}.AppStore|Any CPU.Build.0 = Release|Any CPU
		{83FFBB62-367F-441F-B4FB-33FDCC1BC0B2}.AppStore|Any CPU.Deploy.0 = Release|Any CPU
		{83FFBB62-367F-441F-B4FB-33FDCC1BC0B2}.AppStore|ARM.ActiveCfg = Release|Any CPU
		{83FFBB62-367F-441F-B4FB-33FDCC1BC0B2}.AppStore|ARM.Build.0 = Release|Any CPU
		{83FFBB62-367F-441F-B4FB-33FDCC1BC0B2}.AppStore|ARM.Deploy.0 = Release|Any CPU
		{83FFBB62-367F-441F-B4FB-33FDCC1BC0B2}.AppStore|iPhone.ActiveCfg = Release|Any CPU
		{83FFBB62-367F-441F-B4FB-33FDCC1BC0B2}.AppStore|iPhone.Build.0 = Release|Any CPU
		{83FFBB62-367F-441F-B4FB-33FDCC1BC0B2}.AppStore|iPhone.Deploy.0 = Release|Any CPU
		{83FFBB62-367F-441F-B4FB-33FDCC1BC0B2}.AppStore|iPhoneSimulator.ActiveCfg = Release|Any CPU
		{83FFBB62-367F-441F-B4FB-33FDCC1BC0B2}.AppStore|iPhoneSimulator.Build.0 = Release|Any CPU
		{83FFBB62-367F-441F-B4FB-33FDCC1BC0B2}.AppStore|iPhoneSimulator.Deploy.0 = Release|Any CPU
		{83FFBB62-367F-441F-B4FB-33FDCC1BC0B2}.AppStore|x64.ActiveCfg = Release|Any CPU
		{83FFBB62-367F-441F-B4FB-33FDCC1BC0B2}.AppStore|x64.Build.0 = Release|Any CPU
		{83FFBB62-367F-441F-B4FB-33FDCC1BC0B2}.AppStore|x64.Deploy.0 = Release|Any CPU
		{83FFBB62-367F-441F-B4FB-33FDCC1BC0B2}.AppStore|x86.ActiveCfg = Release|Any CPU
		{83FFBB62-367F-441F-B4FB-33FDCC1BC0B2}.AppStore|x86.Build.0 = Release|Any CPU
		{83FFBB62-367F-441F-B4FB-33FDCC1BC0B2}.AppStore|x86.Deploy.0 = Release|Any CPU
		{83FFBB62-367F-441F-B4FB-33FDCC1BC0B2}.Debug|Any CPU.ActiveCfg = Debug|Any CPU
		{83FFBB62-367F-441F-B4FB-33FDCC1BC0B2}.Debug|Any CPU.Build.0 = Debug|Any CPU
		{83FFBB62-367F-441F-B4FB-33FDCC1BC0B2}.Debug|Any CPU.Deploy.0 = Debug|Any CPU
		{83FFBB62-367F-441F-B4FB-33FDCC1BC0B2}.Debug|ARM.ActiveCfg = Debug|Any CPU
		{83FFBB62-367F-441F-B4FB-33FDCC1BC0B2}.Debug|ARM.Build.0 = Debug|Any CPU
		{83FFBB62-367F-441F-B4FB-33FDCC1BC0B2}.Debug|ARM.Deploy.0 = Debug|Any CPU
		{83FFBB62-367F-441F-B4FB-33FDCC1BC0B2}.Debug|iPhone.ActiveCfg = Debug|Any CPU
		{83FFBB62-367F-441F-B4FB-33FDCC1BC0B2}.Debug|iPhone.Build.0 = Debug|Any CPU
		{83FFBB62-367F-441F-B4FB-33FDCC1BC0B2}.Debug|iPhone.Deploy.0 = Debug|Any CPU
		{83FFBB62-367F-441F-B4FB-33FDCC1BC0B2}.Debug|iPhoneSimulator.ActiveCfg = Debug|Any CPU
		{83FFBB62-367F-441F-B4FB-33FDCC1BC0B2}.Debug|iPhoneSimulator.Build.0 = Debug|Any CPU
		{83FFBB62-367F-441F-B4FB-33FDCC1BC0B2}.Debug|iPhoneSimulator.Deploy.0 = Debug|Any CPU
		{83FFBB62-367F-441F-B4FB-33FDCC1BC0B2}.Debug|x64.ActiveCfg = Debug|Any CPU
		{83FFBB62-367F-441F-B4FB-33FDCC1BC0B2}.Debug|x64.Build.0 = Debug|Any CPU
		{83FFBB62-367F-441F-B4FB-33FDCC1BC0B2}.Debug|x64.Deploy.0 = Debug|Any CPU
		{83FFBB62-367F-441F-B4FB-33FDCC1BC0B2}.Debug|x86.ActiveCfg = Debug|Any CPU
		{83FFBB62-367F-441F-B4FB-33FDCC1BC0B2}.Debug|x86.Build.0 = Debug|Any CPU
		{83FFBB62-367F-441F-B4FB-33FDCC1BC0B2}.Debug|x86.Deploy.0 = Debug|Any CPU
		{83FFBB62-367F-441F-B4FB-33FDCC1BC0B2}.Release|Any CPU.ActiveCfg = Release|Any CPU
		{83FFBB62-367F-441F-B4FB-33FDCC1BC0B2}.Release|Any CPU.Build.0 = Release|Any CPU
		{83FFBB62-367F-441F-B4FB-33FDCC1BC0B2}.Release|Any CPU.Deploy.0 = Release|Any CPU
		{83FFBB62-367F-441F-B4FB-33FDCC1BC0B2}.Release|ARM.ActiveCfg = Release|Any CPU
		{83FFBB62-367F-441F-B4FB-33FDCC1BC0B2}.Release|ARM.Build.0 = Release|Any CPU
		{83FFBB62-367F-441F-B4FB-33FDCC1BC0B2}.Release|ARM.Deploy.0 = Release|Any CPU
		{83FFBB62-367F-441F-B4FB-33FDCC1BC0B2}.Release|iPhone.ActiveCfg = Release|Any CPU
		{83FFBB62-367F-441F-B4FB-33FDCC1BC0B2}.Release|iPhone.Build.0 = Release|Any CPU
		{83FFBB62-367F-441F-B4FB-33FDCC1BC0B2}.Release|iPhone.Deploy.0 = Release|Any CPU
		{83FFBB62-367F-441F-B4FB-33FDCC1BC0B2}.Release|iPhoneSimulator.ActiveCfg = Release|Any CPU
		{83FFBB62-367F-441F-B4FB-33FDCC1BC0B2}.Release|iPhoneSimulator.Build.0 = Release|Any CPU
		{83FFBB62-367F-441F-B4FB-33FDCC1BC0B2}.Release|iPhoneSimulator.Deploy.0 = Release|Any CPU
		{83FFBB62-367F-441F-B4FB-33FDCC1BC0B2}.Release|x64.ActiveCfg = Release|Any CPU
		{83FFBB62-367F-441F-B4FB-33FDCC1BC0B2}.Release|x64.Build.0 = Release|Any CPU
		{83FFBB62-367F-441F-B4FB-33FDCC1BC0B2}.Release|x64.Deploy.0 = Release|Any CPU
		{83FFBB62-367F-441F-B4FB-33FDCC1BC0B2}.Release|x86.ActiveCfg = Release|Any CPU
		{83FFBB62-367F-441F-B4FB-33FDCC1BC0B2}.Release|x86.Build.0 = Release|Any CPU
		{83FFBB62-367F-441F-B4FB-33FDCC1BC0B2}.Release|x86.Deploy.0 = Release|Any CPU
		{6C1AAA39-20CB-4AA8-87F3-DD25ABF41A08}.Ad-Hoc|Any CPU.ActiveCfg = Ad-Hoc|iPhone
		{6C1AAA39-20CB-4AA8-87F3-DD25ABF41A08}.Ad-Hoc|ARM.ActiveCfg = Ad-Hoc|iPhone
		{6C1AAA39-20CB-4AA8-87F3-DD25ABF41A08}.Ad-Hoc|iPhone.ActiveCfg = Ad-Hoc|iPhone
		{6C1AAA39-20CB-4AA8-87F3-DD25ABF41A08}.Ad-Hoc|iPhone.Build.0 = Ad-Hoc|iPhone
		{6C1AAA39-20CB-4AA8-87F3-DD25ABF41A08}.Ad-Hoc|iPhoneSimulator.ActiveCfg = Ad-Hoc|iPhoneSimulator
		{6C1AAA39-20CB-4AA8-87F3-DD25ABF41A08}.Ad-Hoc|iPhoneSimulator.Build.0 = Ad-Hoc|iPhoneSimulator
		{6C1AAA39-20CB-4AA8-87F3-DD25ABF41A08}.Ad-Hoc|x64.ActiveCfg = Ad-Hoc|iPhone
		{6C1AAA39-20CB-4AA8-87F3-DD25ABF41A08}.Ad-Hoc|x86.ActiveCfg = Ad-Hoc|iPhone
		{6C1AAA39-20CB-4AA8-87F3-DD25ABF41A08}.AppStore|Any CPU.ActiveCfg = AppStore|iPhone
		{6C1AAA39-20CB-4AA8-87F3-DD25ABF41A08}.AppStore|ARM.ActiveCfg = AppStore|iPhone
		{6C1AAA39-20CB-4AA8-87F3-DD25ABF41A08}.AppStore|iPhone.ActiveCfg = AppStore|iPhone
		{6C1AAA39-20CB-4AA8-87F3-DD25ABF41A08}.AppStore|iPhone.Build.0 = AppStore|iPhone
		{6C1AAA39-20CB-4AA8-87F3-DD25ABF41A08}.AppStore|iPhoneSimulator.ActiveCfg = AppStore|iPhoneSimulator
		{6C1AAA39-20CB-4AA8-87F3-DD25ABF41A08}.AppStore|iPhoneSimulator.Build.0 = AppStore|iPhoneSimulator
		{6C1AAA39-20CB-4AA8-87F3-DD25ABF41A08}.AppStore|x64.ActiveCfg = AppStore|iPhone
		{6C1AAA39-20CB-4AA8-87F3-DD25ABF41A08}.AppStore|x86.ActiveCfg = AppStore|iPhone
		{6C1AAA39-20CB-4AA8-87F3-DD25ABF41A08}.Debug|Any CPU.ActiveCfg = Debug|iPhone
		{6C1AAA39-20CB-4AA8-87F3-DD25ABF41A08}.Debug|ARM.ActiveCfg = Debug|iPhone
		{6C1AAA39-20CB-4AA8-87F3-DD25ABF41A08}.Debug|iPhone.ActiveCfg = Debug|iPhone
		{6C1AAA39-20CB-4AA8-87F3-DD25ABF41A08}.Debug|iPhone.Build.0 = Debug|iPhone
		{6C1AAA39-20CB-4AA8-87F3-DD25ABF41A08}.Debug|iPhoneSimulator.ActiveCfg = Debug|iPhoneSimulator
		{6C1AAA39-20CB-4AA8-87F3-DD25ABF41A08}.Debug|iPhoneSimulator.Build.0 = Debug|iPhoneSimulator
		{6C1AAA39-20CB-4AA8-87F3-DD25ABF41A08}.Debug|x64.ActiveCfg = Debug|iPhone
		{6C1AAA39-20CB-4AA8-87F3-DD25ABF41A08}.Debug|x86.ActiveCfg = Debug|iPhone
		{6C1AAA39-20CB-4AA8-87F3-DD25ABF41A08}.Release|Any CPU.ActiveCfg = Release|iPhone
		{6C1AAA39-20CB-4AA8-87F3-DD25ABF41A08}.Release|ARM.ActiveCfg = Release|iPhone
		{6C1AAA39-20CB-4AA8-87F3-DD25ABF41A08}.Release|iPhone.ActiveCfg = Release|iPhone
		{6C1AAA39-20CB-4AA8-87F3-DD25ABF41A08}.Release|iPhone.Build.0 = Release|iPhone
		{6C1AAA39-20CB-4AA8-87F3-DD25ABF41A08}.Release|iPhoneSimulator.ActiveCfg = Release|iPhoneSimulator
		{6C1AAA39-20CB-4AA8-87F3-DD25ABF41A08}.Release|iPhoneSimulator.Build.0 = Release|iPhoneSimulator
		{6C1AAA39-20CB-4AA8-87F3-DD25ABF41A08}.Release|x64.ActiveCfg = Release|iPhone
		{6C1AAA39-20CB-4AA8-87F3-DD25ABF41A08}.Release|x86.ActiveCfg = Release|iPhone
		{F113E2D0-9EAE-4036-A64A-F84FA0604725}.Ad-Hoc|Any CPU.ActiveCfg = Release|x86
		{F113E2D0-9EAE-4036-A64A-F84FA0604725}.Ad-Hoc|Any CPU.Build.0 = Release|x86
		{F113E2D0-9EAE-4036-A64A-F84FA0604725}.Ad-Hoc|Any CPU.Deploy.0 = Release|x86
		{F113E2D0-9EAE-4036-A64A-F84FA0604725}.Ad-Hoc|ARM.ActiveCfg = Release|ARM
		{F113E2D0-9EAE-4036-A64A-F84FA0604725}.Ad-Hoc|ARM.Build.0 = Release|ARM
		{F113E2D0-9EAE-4036-A64A-F84FA0604725}.Ad-Hoc|ARM.Deploy.0 = Release|ARM
		{F113E2D0-9EAE-4036-A64A-F84FA0604725}.Ad-Hoc|iPhone.ActiveCfg = Release|x86
		{F113E2D0-9EAE-4036-A64A-F84FA0604725}.Ad-Hoc|iPhone.Build.0 = Release|x86
		{F113E2D0-9EAE-4036-A64A-F84FA0604725}.Ad-Hoc|iPhone.Deploy.0 = Release|x86
		{F113E2D0-9EAE-4036-A64A-F84FA0604725}.Ad-Hoc|iPhoneSimulator.ActiveCfg = Release|x86
		{F113E2D0-9EAE-4036-A64A-F84FA0604725}.Ad-Hoc|iPhoneSimulator.Build.0 = Release|x86
		{F113E2D0-9EAE-4036-A64A-F84FA0604725}.Ad-Hoc|iPhoneSimulator.Deploy.0 = Release|x86
		{F113E2D0-9EAE-4036-A64A-F84FA0604725}.Ad-Hoc|x64.ActiveCfg = Release|x64
		{F113E2D0-9EAE-4036-A64A-F84FA0604725}.Ad-Hoc|x64.Build.0 = Release|x64
		{F113E2D0-9EAE-4036-A64A-F84FA0604725}.Ad-Hoc|x64.Deploy.0 = Release|x64
		{F113E2D0-9EAE-4036-A64A-F84FA0604725}.Ad-Hoc|x86.ActiveCfg = Release|x86
		{F113E2D0-9EAE-4036-A64A-F84FA0604725}.Ad-Hoc|x86.Build.0 = Release|x86
		{F113E2D0-9EAE-4036-A64A-F84FA0604725}.Ad-Hoc|x86.Deploy.0 = Release|x86
		{F113E2D0-9EAE-4036-A64A-F84FA0604725}.AppStore|Any CPU.ActiveCfg = Release|x86
		{F113E2D0-9EAE-4036-A64A-F84FA0604725}.AppStore|Any CPU.Build.0 = Release|x86
		{F113E2D0-9EAE-4036-A64A-F84FA0604725}.AppStore|Any CPU.Deploy.0 = Release|x86
		{F113E2D0-9EAE-4036-A64A-F84FA0604725}.AppStore|ARM.ActiveCfg = Release|ARM
		{F113E2D0-9EAE-4036-A64A-F84FA0604725}.AppStore|ARM.Build.0 = Release|ARM
		{F113E2D0-9EAE-4036-A64A-F84FA0604725}.AppStore|ARM.Deploy.0 = Release|ARM
		{F113E2D0-9EAE-4036-A64A-F84FA0604725}.AppStore|iPhone.ActiveCfg = Release|x86
		{F113E2D0-9EAE-4036-A64A-F84FA0604725}.AppStore|iPhone.Build.0 = Release|x86
		{F113E2D0-9EAE-4036-A64A-F84FA0604725}.AppStore|iPhone.Deploy.0 = Release|x86
		{F113E2D0-9EAE-4036-A64A-F84FA0604725}.AppStore|iPhoneSimulator.ActiveCfg = Release|x86
		{F113E2D0-9EAE-4036-A64A-F84FA0604725}.AppStore|iPhoneSimulator.Build.0 = Release|x86
		{F113E2D0-9EAE-4036-A64A-F84FA0604725}.AppStore|iPhoneSimulator.Deploy.0 = Release|x86
		{F113E2D0-9EAE-4036-A64A-F84FA0604725}.AppStore|x64.ActiveCfg = Release|x64
		{F113E2D0-9EAE-4036-A64A-F84FA0604725}.AppStore|x64.Build.0 = Release|x64
		{F113E2D0-9EAE-4036-A64A-F84FA0604725}.AppStore|x64.Deploy.0 = Release|x64
		{F113E2D0-9EAE-4036-A64A-F84FA0604725}.AppStore|x86.ActiveCfg = Release|x86
		{F113E2D0-9EAE-4036-A64A-F84FA0604725}.AppStore|x86.Build.0 = Release|x86
		{F113E2D0-9EAE-4036-A64A-F84FA0604725}.AppStore|x86.Deploy.0 = Release|x86
		{F113E2D0-9EAE-4036-A64A-F84FA0604725}.Debug|Any CPU.ActiveCfg = Debug|x86
		{F113E2D0-9EAE-4036-A64A-F84FA0604725}.Debug|ARM.ActiveCfg = Debug|ARM
		{F113E2D0-9EAE-4036-A64A-F84FA0604725}.Debug|ARM.Build.0 = Debug|ARM
		{F113E2D0-9EAE-4036-A64A-F84FA0604725}.Debug|ARM.Deploy.0 = Debug|ARM
		{F113E2D0-9EAE-4036-A64A-F84FA0604725}.Debug|iPhone.ActiveCfg = Debug|x86
		{F113E2D0-9EAE-4036-A64A-F84FA0604725}.Debug|iPhoneSimulator.ActiveCfg = Debug|x86
		{F113E2D0-9EAE-4036-A64A-F84FA0604725}.Debug|x64.ActiveCfg = Debug|x64
		{F113E2D0-9EAE-4036-A64A-F84FA0604725}.Debug|x64.Build.0 = Debug|x64
		{F113E2D0-9EAE-4036-A64A-F84FA0604725}.Debug|x64.Deploy.0 = Debug|x64
		{F113E2D0-9EAE-4036-A64A-F84FA0604725}.Debug|x86.ActiveCfg = Debug|x86
		{F113E2D0-9EAE-4036-A64A-F84FA0604725}.Debug|x86.Build.0 = Debug|x86
		{F113E2D0-9EAE-4036-A64A-F84FA0604725}.Debug|x86.Deploy.0 = Debug|x86
		{F113E2D0-9EAE-4036-A64A-F84FA0604725}.Release|Any CPU.ActiveCfg = Release|x86
		{F113E2D0-9EAE-4036-A64A-F84FA0604725}.Release|ARM.ActiveCfg = Release|ARM
		{F113E2D0-9EAE-4036-A64A-F84FA0604725}.Release|ARM.Build.0 = Release|ARM
		{F113E2D0-9EAE-4036-A64A-F84FA0604725}.Release|ARM.Deploy.0 = Release|ARM
		{F113E2D0-9EAE-4036-A64A-F84FA0604725}.Release|iPhone.ActiveCfg = Release|x86
		{F113E2D0-9EAE-4036-A64A-F84FA0604725}.Release|iPhoneSimulator.ActiveCfg = Release|x86
		{F113E2D0-9EAE-4036-A64A-F84FA0604725}.Release|x64.ActiveCfg = Release|x64
		{F113E2D0-9EAE-4036-A64A-F84FA0604725}.Release|x64.Build.0 = Release|x64
		{F113E2D0-9EAE-4036-A64A-F84FA0604725}.Release|x64.Deploy.0 = Release|x64
		{F113E2D0-9EAE-4036-A64A-F84FA0604725}.Release|x86.ActiveCfg = Release|x86
		{F113E2D0-9EAE-4036-A64A-F84FA0604725}.Release|x86.Build.0 = Release|x86
		{F113E2D0-9EAE-4036-A64A-F84FA0604725}.Release|x86.Deploy.0 = Release|x86
	EndGlobalSection
	GlobalSection(SolutionProperties) = preSolution
		HideSolutionNode = FALSE
	EndGlobalSection
	GlobalSection(ExtensibilityGlobals) = postSolution
		SolutionGuid = {53166A69-5246-48AC-B834-0423C8122CA9}
	EndGlobalSection
EndGlobal
